
Microsoft Visual Studio Solution File, Format Version 12.00
# Visual Studio Version 16
VisualStudioVersion = 16.0.30320.27
MinimumVisualStudioVersion = 10.0.40219.1
Project("{9A19103F-16F7-4668-BE54-9A1E7A4F7556}") = "Woopsa", "Woopsa\Woopsa.csproj", "{4F3CA53C-98F2-4EEB-900C-8855F4081614}"
EndProject
Project("{9A19103F-16F7-4668-BE54-9A1E7A4F7556}") = "WoopsaDemoClient", "WoopsaDemoClient\WoopsaDemoClient.csproj", "{7868F636-9118-4D2D-A77A-7D96D43CDE9A}"
EndProject
Project("{9A19103F-16F7-4668-BE54-9A1E7A4F7556}") = "WoopsaDemoServer", "WoopsaDemoServer\WoopsaDemoServer.csproj", "{2D61F67D-7840-4515-9F2C-AB788ED9B580}"
EndProject
Project("{2150E333-8FDC-42A3-9474-1A3956D46DE8}") = "Tests", "Tests", "{16EEE752-C36C-4190-AEA6-EDB0B68B362B}"
EndProject
Project("{9A19103F-16F7-4668-BE54-9A1E7A4F7556}") = "WoopsaTest", "WoopsaTest\WoopsaTest.csproj", "{2F880D14-F548-4A6C-B002-539FCF070194}"
EndProject
Project("{9A19103F-16F7-4668-BE54-9A1E7A4F7556}") = "EmbeddedResource", "WoopsaTest\TestResources\EmbeddedResource\EmbeddedResource.csproj", "{B30437A0-BA1C-42AA-A40D-60DC3689016A}"
EndProject
Project("{9A19103F-16F7-4668-BE54-9A1E7A4F7556}") = "Woopsa.EmbeddedResource", "WoopsaTest\TestResources\Woopsa.EmbeddedResource\Woopsa.EmbeddedResource.csproj", "{512E7B24-3D31-4DD5-A7E9-BF644A6DC06F}"
EndProject
Global
	GlobalSection(SolutionConfigurationPlatforms) = preSolution
		Debug|Any CPU = Debug|Any CPU
		Release|Any CPU = Release|Any CPU
	EndGlobalSection
	GlobalSection(ProjectConfigurationPlatforms) = postSolution
		{4F3CA53C-98F2-4EEB-900C-8855F4081614}.Debug|Any CPU.ActiveCfg = Debug|Any CPU
		{4F3CA53C-98F2-4EEB-900C-8855F4081614}.Debug|Any CPU.Build.0 = Debug|Any CPU
		{4F3CA53C-98F2-4EEB-900C-8855F4081614}.Release|Any CPU.ActiveCfg = Release|Any CPU
		{4F3CA53C-98F2-4EEB-900C-8855F4081614}.Release|Any CPU.Build.0 = Release|Any CPU
		{7868F636-9118-4D2D-A77A-7D96D43CDE9A}.Debug|Any CPU.ActiveCfg = Debug|Any CPU
		{7868F636-9118-4D2D-A77A-7D96D43CDE9A}.Debug|Any CPU.Build.0 = Debug|Any CPU
		{7868F636-9118-4D2D-A77A-7D96D43CDE9A}.Release|Any CPU.ActiveCfg = Release|Any CPU
		{7868F636-9118-4D2D-A77A-7D96D43CDE9A}.Release|Any CPU.Build.0 = Release|Any CPU
		{2D61F67D-7840-4515-9F2C-AB788ED9B580}.Debug|Any CPU.ActiveCfg = Debug|Any CPU
		{2D61F67D-7840-4515-9F2C-AB788ED9B580}.Debug|Any CPU.Build.0 = Debug|Any CPU
		{2D61F67D-7840-4515-9F2C-AB788ED9B580}.Release|Any CPU.ActiveCfg = Release|Any CPU
		{2D61F67D-7840-4515-9F2C-AB788ED9B580}.Release|Any CPU.Build.0 = Release|Any CPU
		{2F880D14-F548-4A6C-B002-539FCF070194}.Debug|Any CPU.ActiveCfg = Debug|Any CPU
		{2F880D14-F548-4A6C-B002-539FCF070194}.Debug|Any CPU.Build.0 = Debug|Any CPU
		{2F880D14-F548-4A6C-B002-539FCF070194}.Release|Any CPU.ActiveCfg = Release|Any CPU
		{2F880D14-F548-4A6C-B002-539FCF070194}.Release|Any CPU.Build.0 = Release|Any CPU
		{B30437A0-BA1C-42AA-A40D-60DC3689016A}.Debug|Any CPU.ActiveCfg = Debug|Any CPU
		{B30437A0-BA1C-42AA-A40D-60DC3689016A}.Debug|Any CPU.Build.0 = Debug|Any CPU
		{B30437A0-BA1C-42AA-A40D-60DC3689016A}.Release|Any CPU.ActiveCfg = Release|Any CPU
		{B30437A0-BA1C-42AA-A40D-60DC3689016A}.Release|Any CPU.Build.0 = Release|Any CPU
		{512E7B24-3D31-4DD5-A7E9-BF644A6DC06F}.Debug|Any CPU.ActiveCfg = Debug|Any CPU
		{512E7B24-3D31-4DD5-A7E9-BF644A6DC06F}.Debug|Any CPU.Build.0 = Debug|Any CPU
		{512E7B24-3D31-4DD5-A7E9-BF644A6DC06F}.Release|Any CPU.ActiveCfg = Release|Any CPU
		{512E7B24-3D31-4DD5-A7E9-BF644A6DC06F}.Release|Any CPU.Build.0 = Release|Any CPU
	EndGlobalSection
	GlobalSection(SolutionProperties) = preSolution
		HideSolutionNode = FALSE
	EndGlobalSection
	GlobalSection(NestedProjects) = preSolution
		{2F880D14-F548-4A6C-B002-539FCF070194} = {16EEE752-C36C-4190-AEA6-EDB0B68B362B}
		{B30437A0-BA1C-42AA-A40D-60DC3689016A} = {16EEE752-C36C-4190-AEA6-EDB0B68B362B}
		{512E7B24-3D31-4DD5-A7E9-BF644A6DC06F} = {16EEE752-C36C-4190-AEA6-EDB0B68B362B}
	EndGlobalSection
	GlobalSection(ExtensibilityGlobals) = postSolution
		SolutionGuid = {26BA5D0A-D208-4C86-A525-F9847A589A4C}
	EndGlobalSection
EndGlobal
