
Microsoft Visual Studio Solution File, Format Version 12.00
# Visual Studio 2013
VisualStudioVersion = 12.0.21005.1
MinimumVisualStudioVersion = 10.0.40219.1
Project("{FAE04EC0-301F-11D3-BF4B-00C04F79EFBC}") = "Woopsa", "Woopsa\Woopsa.csproj", "{B6D4DB14-CD89-4211-8238-A8988DFB9B81}"
EndProject
Project("{FAE04EC0-301F-11D3-BF4B-00C04F79EFBC}") = "WoopsaTest", "WoopsaTest\WoopsaTest.csproj", "{8CB57ED5-1B97-4467-9887-AD34488DBBC6}"
EndProject
Project("{FAE04EC0-301F-11D3-BF4B-00C04F79EFBC}") = "WoopsaDemoServer", "WoopsaDemoServer\WoopsaDemoServer.csproj", "{92C7F35C-15F0-4BF1-BEF5-83032DFB4B10}"
EndProject
Project("{FAE04EC0-301F-11D3-BF4B-00C04F79EFBC}") = "WoopsaDemoClient", "WoopsaDemoClient\WoopsaDemoClient.csproj", "{7DCE84B1-1A2D-44AE-A875-FB6DABEF55D8}"
EndProject
Global
	GlobalSection(SolutionConfigurationPlatforms) = preSolution
		Debug|Any CPU = Debug|Any CPU
		Release|Any CPU = Release|Any CPU
	EndGlobalSection
	GlobalSection(ProjectConfigurationPlatforms) = postSolution
		{B6D4DB14-CD89-4211-8238-A8988DFB9B81}.Debug|Any CPU.ActiveCfg = Debug|Any CPU
		{B6D4DB14-CD89-4211-8238-A8988DFB9B81}.Debug|Any CPU.Build.0 = Debug|Any CPU
		{B6D4DB14-CD89-4211-8238-A8988DFB9B81}.Release|Any CPU.ActiveCfg = Release|Any CPU
		{B6D4DB14-CD89-4211-8238-A8988DFB9B81}.Release|Any CPU.Build.0 = Release|Any CPU
		{8CB57ED5-1B97-4467-9887-AD34488DBBC6}.Debug|Any CPU.ActiveCfg = Debug|Any CPU
		{8CB57ED5-1B97-4467-9887-AD34488DBBC6}.Debug|Any CPU.Build.0 = Debug|Any CPU
		{8CB57ED5-1B97-4467-9887-AD34488DBBC6}.Release|Any CPU.ActiveCfg = Release|Any CPU
		{8CB57ED5-1B97-4467-9887-AD34488DBBC6}.Release|Any CPU.Build.0 = Release|Any CPU
		{92C7F35C-15F0-4BF1-BEF5-83032DFB4B10}.Debug|Any CPU.ActiveCfg = Debug|Any CPU
		{92C7F35C-15F0-4BF1-BEF5-83032DFB4B10}.Debug|Any CPU.Build.0 = Debug|Any CPU
		{92C7F35C-15F0-4BF1-BEF5-83032DFB4B10}.Release|Any CPU.ActiveCfg = Release|Any CPU
		{92C7F35C-15F0-4BF1-BEF5-83032DFB4B10}.Release|Any CPU.Build.0 = Release|Any CPU
		{7DCE84B1-1A2D-44AE-A875-FB6DABEF55D8}.Debug|Any CPU.ActiveCfg = Debug|Any CPU
		{7DCE84B1-1A2D-44AE-A875-FB6DABEF55D8}.Debug|Any CPU.Build.0 = Debug|Any CPU
		{7DCE84B1-1A2D-44AE-A875-FB6DABEF55D8}.Release|Any CPU.ActiveCfg = Release|Any CPU
		{7DCE84B1-1A2D-44AE-A875-FB6DABEF55D8}.Release|Any CPU.Build.0 = Release|Any CPU
	EndGlobalSection
	GlobalSection(SolutionProperties) = preSolution
		HideSolutionNode = FALSE
	EndGlobalSection
EndGlobal
